// !$*UTF8*$!
{
	archiveVersion = 1;
	classes = {
	};
	objectVersion = 56;
	objects = {

/* Begin PBXBuildFile section */
		B41D37E32FDDB5BB00FF0F2E /* Route.swift in Sources */ = {isa = PBXBuildFile; fileRef = B41D37E22FDDB5AC00FF0F2E /* Route.swift */; };
		B41D37E62FDDB61700FF0F2E /* ScoreStorage.swift in Sources */ = {isa = PBXBuildFile; fileRef = B41D37E52FDDB5EF00FF0F2E /* ScoreStorage.swift */; };
		B41D37E82FDDB6A600FF0F2E /* ProblemGenerator.swift in Sources */ = {isa = PBXBuildFile; fileRef = B41D37E72FDDB6A400FF0F2E /* ProblemGenerator.swift */; };
		B41D37F02FDDB88300FF0F2E /* Problem.swift in Sources */ = {isa = PBXBuildFile; fileRef = B41D37EF2FDDB88000FF0F2E /* Problem.swift */; };
		B43E53D92FDEC68200A2D846 /* Fredoka-SemiBold.ttf in Resources */ = {isa = PBXBuildFile; fileRef = B43E53D82FDEC68200A2D846 /* Fredoka-SemiBold.ttf */; };
		B43E53DA2FDEC68200A2D846 /* Fredoka-Regular.ttf in Resources */ = {isa = PBXBuildFile; fileRef = B43E53D72FDEC68200A2D846 /* Fredoka-Regular.ttf */; };
		B43E53DB2FDEC68200A2D846 /* Fredoka-Medium.ttf in Resources */ = {isa = PBXBuildFile; fileRef = B43E53D62FDEC68200A2D846 /* Fredoka-Medium.ttf */; };
		B43E53DC2FDEC68200A2D846 /* Fredoka-Bold.ttf in Resources */ = {isa = PBXBuildFile; fileRef = B43E53D52FDEC68200A2D846 /* Fredoka-Bold.ttf */; };
		B43E53DF2FDEC7E900A2D846 /* TrophyIcon.swift in Sources */ = {isa = PBXBuildFile; fileRef = B43E53DE2FDEC7E700A2D846 /* TrophyIcon.swift */; };
		B43E53E12FDEDE5200A2D846 /* AppInfo.swift in Sources */ = {isa = PBXBuildFile; fileRef = B43E53E02FDEDE5100A2D846 /* AppInfo.swift */; };
		B43E53E32FDEDED400A2D846 /* AboutView.swift in Sources */ = {isa = PBXBuildFile; fileRef = B43E53E22FDEDED200A2D846 /* AboutView.swift */; };
		B47E52B82FE6897500CD375A /* SoundPlayer.swift in Sources */ = {isa = PBXBuildFile; fileRef = B47E52B72FE6897100CD375A /* SoundPlayer.swift */; };
		B47E52BA2FE6898200CD375A /* SettingsStorage.swift in Sources */ = {isa = PBXBuildFile; fileRef = B47E52B92FE6897F00CD375A /* SettingsStorage.swift */; };
		B47E52BC2FE6899300CD375A /* FeedbackCoordinator.swift in Sources */ = {isa = PBXBuildFile; fileRef = B47E52BB2FE6899100CD375A /* FeedbackCoordinator.swift */; };
		B47E52BE2FE6899E00CD375A /* SettingsViewModel.swift in Sources */ = {isa = PBXBuildFile; fileRef = B47E52BD2FE6899C00CD375A /* SettingsViewModel.swift */; };
		B47E52C02FE689B400CD375A /* SettingsView.swift in Sources */ = {isa = PBXBuildFile; fileRef = B47E52BF2FE689B200CD375A /* SettingsView.swift */; };
		B47E52C22FE98CB000CD375A /* GameMode.swift in Sources */ = {isa = PBXBuildFile; fileRef = B47E52C12FE98CAE00CD375A /* GameMode.swift */; };
		B47E52C42FE990E400CD375A /* GameRulesEngine.swift in Sources */ = {isa = PBXBuildFile; fileRef = B47E52C32FE990E200CD375A /* GameRulesEngine.swift */; };
		B47E52C62FE9929800CD375A /* SurvivalEngine.swift in Sources */ = {isa = PBXBuildFile; fileRef = B47E52C52FE9929700CD375A /* SurvivalEngine.swift */; };
		B47E52C82FE992AB00CD375A /* TimeAttackEngine.swift in Sources */ = {isa = PBXBuildFile; fileRef = B47E52C72FE992A900CD375A /* TimeAttackEngine.swift */; };
		B47E52CA2FE9934900CD375A /* ChipButton.swift in Sources */ = {isa = PBXBuildFile; fileRef = B47E52C92FE9934700CD375A /* ChipButton.swift */; };
		B47E52CC2FE9937D00CD375A /* ModePicker.swift in Sources */ = {isa = PBXBuildFile; fileRef = B47E52CB2FE9937B00CD375A /* ModePicker.swift */; };
		B47E52CE2FE993AB00CD375A /* DurationPicker.swift in Sources */ = {isa = PBXBuildFile; fileRef = B47E52CD2FE993A900CD375A /* DurationPicker.swift */; };
		B47E52D02FE993D300CD375A /* DifficultyPicker.swift in Sources */ = {isa = PBXBuildFile; fileRef = B47E52CF2FE993D200CD375A /* DifficultyPicker.swift */; };
		B494C1672FDC8E9C00CAA0A9 /* Game1234App.swift in Sources */ = {isa = PBXBuildFile; fileRef = B494C1662FDC8E9C00CAA0A9 /* Game1234App.swift */; };
		B494C16B2FDC8EA000CAA0A9 /* Assets.xcassets in Resources */ = {isa = PBXBuildFile; fileRef = B494C16A2FDC8EA000CAA0A9 /* Assets.xcassets */; };
		B494C16E2FDC8EA000CAA0A9 /* Preview Assets.xcassets in Resources */ = {isa = PBXBuildFile; fileRef = B494C16D2FDC8EA000CAA0A9 /* Preview Assets.xcassets */; };
		B4B06EC32FE3052900FE9D5C /* Operation.swift in Sources */ = {isa = PBXBuildFile; fileRef = B4B06EC22FE3052700FE9D5C /* Operation.swift */; };
		B4B06EC52FE305A900FE9D5C /* Difficulty.swift in Sources */ = {isa = PBXBuildFile; fileRef = B4B06EC42FE305A700FE9D5C /* Difficulty.swift */; };
		B4CEAAE22FDDB8C3005B57F4 /* GamePhase.swift in Sources */ = {isa = PBXBuildFile; fileRef = B4CEAAE12FDDB8C1005B57F4 /* GamePhase.swift */; };
		B4CEAAE42FDDBADA005B57F4 /* GameViewModel.swift in Sources */ = {isa = PBXBuildFile; fileRef = B4CEAAE32FDDBAD8005B57F4 /* GameViewModel.swift */; };
		B4CEAAE62FDDBB09005B57F4 /* MainMenuView.swift in Sources */ = {isa = PBXBuildFile; fileRef = B4CEAAE52FDDBB07005B57F4 /* MainMenuView.swift */; };
		B4CEAAE82FDDBB2A005B57F4 /* GameView.swift in Sources */ = {isa = PBXBuildFile; fileRef = B4CEAAE72FDDBB29005B57F4 /* GameView.swift */; };
		B4CEAAEA2FDDBB40005B57F4 /* ResultView.swift in Sources */ = {isa = PBXBuildFile; fileRef = B4CEAAE92FDDBB3E005B57F4 /* ResultView.swift */; };
		B4CEAAEC2FDDC702005B57F4 /* GameTicker.swift in Sources */ = {isa = PBXBuildFile; fileRef = B4CEAAEB2FDDC701005B57F4 /* GameTicker.swift */; };
		B4CEAAEE2FDDCCBF005B57F4 /* HapticFeedback.swift in Sources */ = {isa = PBXBuildFile; fileRef = B4CEAAED2FDDCCBD005B57F4 /* HapticFeedback.swift */; };
		B4CEAAF02FDDCCF5005B57F4 /* AnswerButton.swift in Sources */ = {isa = PBXBuildFile; fileRef = B4CEAAEF2FDDCCF2005B57F4 /* AnswerButton.swift */; };
		B4CEAAF22FDDCD03005B57F4 /* TimerBar.swift in Sources */ = {isa = PBXBuildFile; fileRef = B4CEAAF12FDDCD02005B57F4 /* TimerBar.swift */; };
		B4CEAAF42FDDD0A7005B57F4 /* MainMenuViewModel.swift in Sources */ = {isa = PBXBuildFile; fileRef = B4CEAAF32FDDD0A5005B57F4 /* MainMenuViewModel.swift */; };
		B4CEAAF62FDDD0D1005B57F4 /* ConfettiView.swift in Sources */ = {isa = PBXBuildFile; fileRef = B4CEAAF52FDDD0D0005B57F4 /* ConfettiView.swift */; };
		B4CEAAF82FDDE00C005B57F4 /* Theme.swift in Sources */ = {isa = PBXBuildFile; fileRef = B4CEAAF72FDDE00A005B57F4 /* Theme.swift */; };
		B4CEAAFA2FDDE216005B57F4 /* LogoView.swift in Sources */ = {isa = PBXBuildFile; fileRef = B4CEAAF92FDDE215005B57F4 /* LogoView.swift */; };
/* End PBXBuildFile section */

/* Begin PBXFileReference section */
		B41D37E22FDDB5AC00FF0F2E /* Route.swift */ = {isa = PBXFileReference; lastKnownFileType = sourcecode.swift; path = Route.swift; sourceTree = "<group>"; };
		B41D37E52FDDB5EF00FF0F2E /* ScoreStorage.swift */ = {isa = PBXFileReference; lastKnownFileType = sourcecode.swift; path = ScoreStorage.swift; sourceTree = "<group>"; };
		B41D37E72FDDB6A400FF0F2E /* ProblemGenerator.swift */ = {isa = PBXFileReference; lastKnownFileType = sourcecode.swift; path = ProblemGenerator.swift; sourceTree = "<group>"; };
		B41D37EF2FDDB88000FF0F2E /* Problem.swift */ = {isa = PBXFileReference; lastKnownFileType = sourcecode.swift; path = Problem.swift; sourceTree = "<group>"; };
		B43E53D52FDEC68200A2D846 /* Fredoka-Bold.ttf */ = {isa = PBXFileReference; lastKnownFileType = file; path = "Fredoka-Bold.ttf"; sourceTree = "<group>"; };
		B43E53D62FDEC68200A2D846 /* Fredoka-Medium.ttf */ = {isa = PBXFileReference; lastKnownFileType = file; path = "Fredoka-Medium.ttf"; sourceTree = "<group>"; };
		B43E53D72FDEC68200A2D846 /* Fredoka-Regular.ttf */ = {isa = PBXFileReference; lastKnownFileType = file; path = "Fredoka-Regular.ttf"; sourceTree = "<group>"; };
		B43E53D82FDEC68200A2D846 /* Fredoka-SemiBold.ttf */ = {isa = PBXFileReference; lastKnownFileType = file; path = "Fredoka-SemiBold.ttf"; sourceTree = "<group>"; };
		B43E53DD2FDEC6E900A2D846 /* Info.plist */ = {isa = PBXFileReference; lastKnownFileType = text.plist.xml; path = Info.plist; sourceTree = "<group>"; };
		B43E53DE2FDEC7E700A2D846 /* TrophyIcon.swift */ = {isa = PBXFileReference; lastKnownFileType = sourcecode.swift; path = TrophyIcon.swift; sourceTree = "<group>"; };
		B43E53E02FDEDE5100A2D846 /* AppInfo.swift */ = {isa = PBXFileReference; lastKnownFileType = sourcecode.swift; path = AppInfo.swift; sourceTree = "<group>"; };
		B43E53E22FDEDED200A2D846 /* AboutView.swift */ = {isa = PBXFileReference; lastKnownFileType = sourcecode.swift; path = AboutView.swift; sourceTree = "<group>"; };
		B47E52B72FE6897100CD375A /* SoundPlayer.swift */ = {isa = PBXFileReference; lastKnownFileType = sourcecode.swift; path = SoundPlayer.swift; sourceTree = "<group>"; };
		B47E52B92FE6897F00CD375A /* SettingsStorage.swift */ = {isa = PBXFileReference; lastKnownFileType = sourcecode.swift; path = SettingsStorage.swift; sourceTree = "<group>"; };
		B47E52BB2FE6899100CD375A /* FeedbackCoordinator.swift */ = {isa = PBXFileReference; lastKnownFileType = sourcecode.swift; path = FeedbackCoordinator.swift; sourceTree = "<group>"; };
		B47E52BD2FE6899C00CD375A /* SettingsViewModel.swift */ = {isa = PBXFileReference; lastKnownFileType = sourcecode.swift; path = SettingsViewModel.swift; sourceTree = "<group>"; };
		B47E52BF2FE689B200CD375A /* SettingsView.swift */ = {isa = PBXFileReference; lastKnownFileType = sourcecode.swift; path = SettingsView.swift; sourceTree = "<group>"; };
		B47E52C12FE98CAE00CD375A /* GameMode.swift */ = {isa = PBXFileReference; lastKnownFileType = sourcecode.swift; path = GameMode.swift; sourceTree = "<group>"; };
		B47E52C32FE990E200CD375A /* GameRulesEngine.swift */ = {isa = PBXFileReference; lastKnownFileType = sourcecode.swift; path = GameRulesEngine.swift; sourceTree = "<group>"; };
		B47E52C52FE9929700CD375A /* SurvivalEngine.swift */ = {isa = PBXFileReference; lastKnownFileType = sourcecode.swift; path = SurvivalEngine.swift; sourceTree = "<group>"; };
		B47E52C72FE992A900CD375A /* TimeAttackEngine.swift */ = {isa = PBXFileReference; lastKnownFileType = sourcecode.swift; path = TimeAttackEngine.swift; sourceTree = "<group>"; };
		B47E52C92FE9934700CD375A /* ChipButton.swift */ = {isa = PBXFileReference; lastKnownFileType = sourcecode.swift; path = ChipButton.swift; sourceTree = "<group>"; };
		B47E52CB2FE9937B00CD375A /* ModePicker.swift */ = {isa = PBXFileReference; lastKnownFileType = sourcecode.swift; path = ModePicker.swift; sourceTree = "<group>"; };
		B47E52CD2FE993A900CD375A /* DurationPicker.swift */ = {isa = PBXFileReference; lastKnownFileType = sourcecode.swift; path = DurationPicker.swift; sourceTree = "<group>"; };
		B47E52CF2FE993D200CD375A /* DifficultyPicker.swift */ = {isa = PBXFileReference; lastKnownFileType = sourcecode.swift; path = DifficultyPicker.swift; sourceTree = "<group>"; };
		B494C1632FDC8E9C00CAA0A9 /* Game1234.app */ = {isa = PBXFileReference; explicitFileType = wrapper.application; includeInIndex = 0; path = Game1234.app; sourceTree = BUILT_PRODUCTS_DIR; };
		B494C1662FDC8E9C00CAA0A9 /* Game1234App.swift */ = {isa = PBXFileReference; lastKnownFileType = sourcecode.swift; path = Game1234App.swift; sourceTree = "<group>"; };
		B494C16A2FDC8EA000CAA0A9 /* Assets.xcassets */ = {isa = PBXFileReference; lastKnownFileType = folder.assetcatalog; path = Assets.xcassets; sourceTree = "<group>"; };
		B494C16D2FDC8EA000CAA0A9 /* Preview Assets.xcassets */ = {isa = PBXFileReference; lastKnownFileType = folder.assetcatalog; path = "Preview Assets.xcassets"; sourceTree = "<group>"; };
		B4B06EC22FE3052700FE9D5C /* Operation.swift */ = {isa = PBXFileReference; lastKnownFileType = sourcecode.swift; path = Operation.swift; sourceTree = "<group>"; };
		B4B06EC42FE305A700FE9D5C /* Difficulty.swift */ = {isa = PBXFileReference; lastKnownFileType = sourcecode.swift; path = Difficulty.swift; sourceTree = "<group>"; };
		B4CEAAE12FDDB8C1005B57F4 /* GamePhase.swift */ = {isa = PBXFileReference; lastKnownFileType = sourcecode.swift; path = GamePhase.swift; sourceTree = "<group>"; };
		B4CEAAE32FDDBAD8005B57F4 /* GameViewModel.swift */ = {isa = PBXFileReference; lastKnownFileType = sourcecode.swift; path = GameViewModel.swift; sourceTree = "<group>"; };
		B4CEAAE52FDDBB07005B57F4 /* MainMenuView.swift */ = {isa = PBXFileReference; lastKnownFileType = sourcecode.swift; path = MainMenuView.swift; sourceTree = "<group>"; };
		B4CEAAE72FDDBB29005B57F4 /* GameView.swift */ = {isa = PBXFileReference; lastKnownFileType = sourcecode.swift; path = GameView.swift; sourceTree = "<group>"; };
		B4CEAAE92FDDBB3E005B57F4 /* ResultView.swift */ = {isa = PBXFileReference; lastKnownFileType = sourcecode.swift; path = ResultView.swift; sourceTree = "<group>"; };
		B4CEAAEB2FDDC701005B57F4 /* GameTicker.swift */ = {isa = PBXFileReference; lastKnownFileType = sourcecode.swift; path = GameTicker.swift; sourceTree = "<group>"; };
		B4CEAAED2FDDCCBD005B57F4 /* HapticFeedback.swift */ = {isa = PBXFileReference; lastKnownFileType = sourcecode.swift; path = HapticFeedback.swift; sourceTree = "<group>"; };
		B4CEAAEF2FDDCCF2005B57F4 /* AnswerButton.swift */ = {isa = PBXFileReference; lastKnownFileType = sourcecode.swift; path = AnswerButton.swift; sourceTree = "<group>"; };
		B4CEAAF12FDDCD02005B57F4 /* TimerBar.swift */ = {isa = PBXFileReference; lastKnownFileType = sourcecode.swift; path = TimerBar.swift; sourceTree = "<group>"; };
		B4CEAAF32FDDD0A5005B57F4 /* MainMenuViewModel.swift */ = {isa = PBXFileReference; lastKnownFileType = sourcecode.swift; path = MainMenuViewModel.swift; sourceTree = "<group>"; };
		B4CEAAF52FDDD0D0005B57F4 /* ConfettiView.swift */ = {isa = PBXFileReference; lastKnownFileType = sourcecode.swift; path = ConfettiView.swift; sourceTree = "<group>"; };
		B4CEAAF72FDDE00A005B57F4 /* Theme.swift */ = {isa = PBXFileReference; lastKnownFileType = sourcecode.swift; path = Theme.swift; sourceTree = "<group>"; };
		B4CEAAF92FDDE215005B57F4 /* LogoView.swift */ = {isa = PBXFileReference; lastKnownFileType = sourcecode.swift; path = LogoView.swift; sourceTree = "<group>"; };
/* End PBXFileReference section */

/* Begin PBXFrameworksBuildPhase section */
		B494C1602FDC8E9C00CAA0A9 /* Frameworks */ = {
			isa = PBXFrameworksBuildPhase;
			buildActionMask = 2147483647;
			files = (
			);
			runOnlyForDeploymentPostprocessing = 0;
		};
/* End PBXFrameworksBuildPhase section */

/* Begin PBXGroup section */
		B41D37E02FDC563700FF0F2E /* App */ = {
			isa = PBXGroup;
			children = (
				B494C1662FDC8E9C00CAA0A9 /* Game1234App.swift */,
				B41D37E22FDDB5AC00FF0F2E /* Route.swift */,
				B4CEAAF72FDDE00A005B57F4 /* Theme.swift */,
				B43E53E02FDEDE5100A2D846 /* AppInfo.swift */,
			);
			path = App;
			sourceTree = "<group>";
		};
		B41D37E42FDDB5E500FF0F2E /* Services */ = {
			isa = PBXGroup;
			children = (
				B41D37E72FDDB6A400FF0F2E /* ProblemGenerator.swift */,
				B4CEAAEB2FDDC701005B57F4 /* GameTicker.swift */,
				B47E52C32FE990E200CD375A /* GameRulesEngine.swift */,
				B4CEAAED2FDDCCBD005B57F4 /* HapticFeedback.swift */,
				B47E52BB2FE6899100CD375A /* FeedbackCoordinator.swift */,
				B47E52C72FE992A900CD375A /* TimeAttackEngine.swift */,
				B41D37E52FDDB5EF00FF0F2E /* ScoreStorage.swift */,
				B47E52B72FE6897100CD375A /* SoundPlayer.swift */,
				B47E52B92FE6897F00CD375A /* SettingsStorage.swift */,
				B47E52C52FE9929700CD375A /* SurvivalEngine.swift */,
			);
			path = Services;
			sourceTree = "<group>";
		};
		B41D37EA2FDDB83700FF0F2E /* Models */ = {
			isa = PBXGroup;
			children = (
				B41D37EF2FDDB88000FF0F2E /* Problem.swift */,
				B4B06EC22FE3052700FE9D5C /* Operation.swift */,
				B4B06EC42FE305A700FE9D5C /* Difficulty.swift */,
				B47E52C12FE98CAE00CD375A /* GameMode.swift */,
				B4CEAAE12FDDB8C1005B57F4 /* GamePhase.swift */,
			);
			path = Models;
			sourceTree = "<group>";
		};
		B41D37EB2FDDB84200FF0F2E /* Views */ = {
			isa = PBXGroup;
			children = (
				B4CEAAE52FDDBB07005B57F4 /* MainMenuView.swift */,
				B47E52CB2FE9937B00CD375A /* ModePicker.swift */,
				B4CEAAE72FDDBB29005B57F4 /* GameView.swift */,
				B4CEAAF92FDDE215005B57F4 /* LogoView.swift */,
				B47E52C92FE9934700CD375A /* ChipButton.swift */,
				B4CEAAEF2FDDCCF2005B57F4 /* AnswerButton.swift */,
				B43E53E22FDEDED200A2D846 /* AboutView.swift */,
				B4CEAAF12FDDCD02005B57F4 /* TimerBar.swift */,
				B43E53DE2FDEC7E700A2D846 /* TrophyIcon.swift */,
				B4CEAAE92FDDBB3E005B57F4 /* ResultView.swift */,
				B4CEAAF52FDDD0D0005B57F4 /* ConfettiView.swift */,
				B47E52BF2FE689B200CD375A /* SettingsView.swift */,
				B47E52CD2FE993A900CD375A /* DurationPicker.swift */,
				B47E52CF2FE993D200CD375A /* DifficultyPicker.swift */,
			);
			path = Views;
			sourceTree = "<group>";
		};
		B41D37EC2FDDB84900FF0F2E /* ViewModels */ = {
			isa = PBXGroup;
			children = (
				B4CEAAF32FDDD0A5005B57F4 /* MainMenuViewModel.swift */,
				B4CEAAE32FDDBAD8005B57F4 /* GameViewModel.swift */,
				B47E52BD2FE6899C00CD375A /* SettingsViewModel.swift */,
			);
			path = ViewModels;
			sourceTree = "<group>";
		};
		B43E53D42FDEC5FA00A2D846 /* Fonts */ = {
			isa = PBXGroup;
			children = (
				B43E53D52FDEC68200A2D846 /* Fredoka-Bold.ttf */,
				B43E53D62FDEC68200A2D846 /* Fredoka-Medium.ttf */,
				B43E53D72FDEC68200A2D846 /* Fredoka-Regular.ttf */,
				B43E53D82FDEC68200A2D846 /* Fredoka-SemiBold.ttf */,
			);
			path = Fonts;
			sourceTree = "<group>";
		};
		B494C15A2FDC8E9C00CAA0A9 = {
			isa = PBXGroup;
			children = (
				B494C1652FDC8E9C00CAA0A9 /* Game1234 */,
				B494C1642FDC8E9C00CAA0A9 /* Products */,
			);
			sourceTree = "<group>";
		};
		B494C1642FDC8E9C00CAA0A9 /* Products */ = {
			isa = PBXGroup;
			children = (
				B494C1632FDC8E9C00CAA0A9 /* Game1234.app */,
			);
			name = Products;
			sourceTree = "<group>";
		};
		B494C1652FDC8E9C00CAA0A9 /* Game1234 */ = {
			isa = PBXGroup;
			children = (
				B41D37E02FDC563700FF0F2E /* App */,
				B41D37EA2FDDB83700FF0F2E /* Models */,
				B41D37EC2FDDB84900FF0F2E /* ViewModels */,
				B41D37EB2FDDB84200FF0F2E /* Views */,
				B41D37E42FDDB5E500FF0F2E /* Services */,
				B43E53D42FDEC5FA00A2D846 /* Fonts */,
				B494C16A2FDC8EA000CAA0A9 /* Assets.xcassets */,
				B43E53DD2FDEC6E900A2D846 /* Info.plist */,
				B494C16C2FDC8EA000CAA0A9 /* Preview Content */,
			);
			path = Game1234;
			sourceTree = "<group>";
		};
		B494C16C2FDC8EA000CAA0A9 /* Preview Content */ = {
			isa = PBXGroup;
			children = (
				B494C16D2FDC8EA000CAA0A9 /* Preview Assets.xcassets */,
			);
			path = "Preview Content";
			sourceTree = "<group>";
		};
/* End PBXGroup section */

/* Begin PBXNativeTarget section */
		B494C1622FDC8E9C00CAA0A9 /* Game1234 */ = {
			isa = PBXNativeTarget;
			buildConfigurationList = B494C1712FDC8EA000CAA0A9 /* Build configuration list for PBXNativeTarget "Game1234" */;
			buildPhases = (
				B494C15F2FDC8E9C00CAA0A9 /* Sources */,
				B494C1602FDC8E9C00CAA0A9 /* Frameworks */,
				B494C1612FDC8E9C00CAA0A9 /* Resources */,
			);
			buildRules = (
			);
			dependencies = (
			);
			name = Game1234;
			productName = Game1234;
			productReference = B494C1632FDC8E9C00CAA0A9 /* Game1234.app */;
			productType = "com.apple.product-type.application";
		};
/* End PBXNativeTarget section */

/* Begin PBXProject section */
		B494C15B2FDC8E9C00CAA0A9 /* Project object */ = {
			isa = PBXProject;
			attributes = {
				BuildIndependentTargetsInParallel = 1;
				LastSwiftUpdateCheck = 1530;
				LastUpgradeCheck = 2650;
				TargetAttributes = {
					B494C1622FDC8E9C00CAA0A9 = {
						CreatedOnToolsVersion = 15.3;
					};
				};
			};
			buildConfigurationList = B494C15E2FDC8E9C00CAA0A9 /* Build configuration list for PBXProject "Game1234" */;
			compatibilityVersion = "Xcode 14.0";
			developmentRegion = en;
			hasScannedForEncodings = 0;
			knownRegions = (
				en,
				Base,
			);
			mainGroup = B494C15A2FDC8E9C00CAA0A9;
			productRefGroup = B494C1642FDC8E9C00CAA0A9 /* Products */;
			projectDirPath = "";
			projectRoot = "";
			targets = (
				B494C1622FDC8E9C00CAA0A9 /* Game1234 */,
			);
		};
/* End PBXProject section */

/* Begin PBXResourcesBuildPhase section */
		B494C1612FDC8E9C00CAA0A9 /* Resources */ = {
			isa = PBXResourcesBuildPhase;
			buildActionMask = 2147483647;
			files = (
				B494C16E2FDC8EA000CAA0A9 /* Preview Assets.xcassets in Resources */,
				B494C16B2FDC8EA000CAA0A9 /* Assets.xcassets in Resources */,
				B43E53D92FDEC68200A2D846 /* Fredoka-SemiBold.ttf in Resources */,
				B43E53DA2FDEC68200A2D846 /* Fredoka-Regular.ttf in Resources */,
				B43E53DB2FDEC68200A2D846 /* Fredoka-Medium.ttf in Resources */,
				B43E53DC2FDEC68200A2D846 /* Fredoka-Bold.ttf in Resources */,
			);
			runOnlyForDeploymentPostprocessing = 0;
		};
/* End PBXResourcesBuildPhase section */

/* Begin PBXSourcesBuildPhase section */
		B494C15F2FDC8E9C00CAA0A9 /* Sources */ = {
			isa = PBXSourcesBuildPhase;
			buildActionMask = 2147483647;
			files = (
				B41D37E32FDDB5BB00FF0F2E /* Route.swift in Sources */,
				B43E53E32FDEDED400A2D846 /* AboutView.swift in Sources */,
				B43E53E12FDEDE5200A2D846 /* AppInfo.swift in Sources */,
				B4CEAAF22FDDCD03005B57F4 /* TimerBar.swift in Sources */,
				B4B06EC52FE305A900FE9D5C /* Difficulty.swift in Sources */,
				B47E52CA2FE9934900CD375A /* ChipButton.swift in Sources */,
				B4CEAAEE2FDDCCBF005B57F4 /* HapticFeedback.swift in Sources */,
				B41D37F02FDDB88300FF0F2E /* Problem.swift in Sources */,
				B47E52BC2FE6899300CD375A /* FeedbackCoordinator.swift in Sources */,
				B4CEAAEA2FDDBB40005B57F4 /* ResultView.swift in Sources */,
				B4CEAAEC2FDDC702005B57F4 /* GameTicker.swift in Sources */,
				B41D37E82FDDB6A600FF0F2E /* ProblemGenerator.swift in Sources */,
				B47E52CE2FE993AB00CD375A /* DurationPicker.swift in Sources */,
				B47E52B82FE6897500CD375A /* SoundPlayer.swift in Sources */,
				B4CEAAFA2FDDE216005B57F4 /* LogoView.swift in Sources */,
				B4CEAAE62FDDBB09005B57F4 /* MainMenuView.swift in Sources */,
				B47E52C82FE992AB00CD375A /* TimeAttackEngine.swift in Sources */,
				B47E52CC2FE9937D00CD375A /* ModePicker.swift in Sources */,
				B4B06EC32FE3052900FE9D5C /* Operation.swift in Sources */,
				B47E52C42FE990E400CD375A /* GameRulesEngine.swift in Sources */,
				B4CEAAF62FDDD0D1005B57F4 /* ConfettiView.swift in Sources */,
				B4CEAAF82FDDE00C005B57F4 /* Theme.swift in Sources */,
				B47E52D02FE993D300CD375A /* DifficultyPicker.swift in Sources */,
				B4CEAAF42FDDD0A7005B57F4 /* MainMenuViewModel.swift in Sources */,
				B4CEAAE82FDDBB2A005B57F4 /* GameView.swift in Sources */,
				B47E52BA2FE6898200CD375A /* SettingsStorage.swift in Sources */,
				B4CEAAE42FDDBADA005B57F4 /* GameViewModel.swift in Sources */,
				B47E52C02FE689B400CD375A /* SettingsView.swift in Sources */,
				B41D37E62FDDB61700FF0F2E /* ScoreStorage.swift in Sources */,
				B4CEAAF02FDDCCF5005B57F4 /* AnswerButton.swift in Sources */,
				B494C1672FDC8E9C00CAA0A9 /* Game1234App.swift in Sources */,
				B47E52C62FE9929800CD375A /* SurvivalEngine.swift in Sources */,
				B43E53DF2FDEC7E900A2D846 /* TrophyIcon.swift in Sources */,
				B4CEAAE22FDDB8C3005B57F4 /* GamePhase.swift in Sources */,
				B47E52C22FE98CB000CD375A /* GameMode.swift in Sources */,
				B47E52BE2FE6899E00CD375A /* SettingsViewModel.swift in Sources */,
			);
			runOnlyForDeploymentPostprocessing = 0;
		};
/* End PBXSourcesBuildPhase section */

/* Begin XCBuildConfiguration section */
		B494C16F2FDC8EA000CAA0A9 /* Debug */ = {
			isa = XCBuildConfiguration;
			buildSettings = {
				ALWAYS_SEARCH_USER_PATHS = NO;
				ASSETCATALOG_COMPILER_GENERATE_SWIFT_ASSET_SYMBOL_EXTENSIONS = YES;
				CLANG_ANALYZER_NONNULL = YES;
				CLANG_ANALYZER_NUMBER_OBJECT_CONVERSION = YES_AGGRESSIVE;
				CLANG_CXX_LANGUAGE_STANDARD = "gnu++20";
				CLANG_ENABLE_MODULES = YES;
				CLANG_ENABLE_OBJC_ARC = YES;
				CLANG_ENABLE_OBJC_WEAK = YES;
				CLANG_WARN_BLOCK_CAPTURE_AUTORELEASING = YES;
				CLANG_WARN_BOOL_CONVERSION = YES;
				CLANG_WARN_COMMA = YES;
				CLANG_WARN_CONSTANT_CONVERSION = YES;
				CLANG_WARN_DEPRECATED_OBJC_IMPLEMENTATIONS = YES;
				CLANG_WARN_DIRECT_OBJC_ISA_USAGE = YES_ERROR;
				CLANG_WARN_DOCUMENTATION_COMMENTS = YES;
				CLANG_WARN_EMPTY_BODY = YES;
				CLANG_WARN_ENUM_CONVERSION = YES;
				CLANG_WARN_INFINITE_RECURSION = YES;
				CLANG_WARN_INT_CONVERSION = YES;
				CLANG_WARN_NON_LITERAL_NULL_CONVERSION = YES;
				CLANG_WARN_OBJC_IMPLICIT_RETAIN_SELF = YES;
				CLANG_WARN_OBJC_LITERAL_CONVERSION = YES;
				CLANG_WARN_OBJC_ROOT_CLASS = YES_ERROR;
				CLANG_WARN_QUOTED_INCLUDE_IN_FRAMEWORK_HEADER = YES;
				CLANG_WARN_RANGE_LOOP_ANALYSIS = YES;
				CLANG_WARN_STRICT_PROTOTYPES = YES;
				CLANG_WARN_SUSPICIOUS_MOVE = YES;
				CLANG_WARN_UNGUARDED_AVAILABILITY = YES_AGGRESSIVE;
				CLANG_WARN_UNREACHABLE_CODE = YES;
				CLANG_WARN__DUPLICATE_METHOD_MATCH = YES;
				COPY_PHASE_STRIP = NO;
				DEBUG_INFORMATION_FORMAT = dwarf;
				DEVELOPMENT_TEAM = 4WN2BN5WSW;
				ENABLE_STRICT_OBJC_MSGSEND = YES;
				ENABLE_TESTABILITY = YES;
				ENABLE_USER_SCRIPT_SANDBOXING = YES;
				GCC_C_LANGUAGE_STANDARD = gnu17;
				GCC_DYNAMIC_NO_PIC = NO;
				GCC_NO_COMMON_BLOCKS = YES;
				GCC_OPTIMIZATION_LEVEL = 0;
				GCC_PREPROCESSOR_DEFINITIONS = (
					"DEBUG=1",
					"$(inherited)",
				);
				GCC_WARN_64_TO_32_BIT_CONVERSION = YES;
				GCC_WARN_ABOUT_RETURN_TYPE = YES_ERROR;
				GCC_WARN_UNDECLARED_SELECTOR = YES;
				GCC_WARN_UNINITIALIZED_AUTOS = YES_AGGRESSIVE;
				GCC_WARN_UNUSED_FUNCTION = YES;
				GCC_WARN_UNUSED_VARIABLE = YES;
				IPHONEOS_DEPLOYMENT_TARGET = 17.4;
				LOCALIZATION_PREFERS_STRING_CATALOGS = YES;
				MTL_ENABLE_DEBUG_INFO = INCLUDE_SOURCE;
				MTL_FAST_MATH = YES;
				ONLY_ACTIVE_ARCH = YES;
				SDKROOT = iphoneos;
				STRING_CATALOG_GENERATE_SYMBOLS = YES;
				SWIFT_ACTIVE_COMPILATION_CONDITIONS = "DEBUG $(inherited)";
				SWIFT_OPTIMIZATION_LEVEL = "-Onone";
			};
			name = Debug;
		};
		B494C1702FDC8EA000CAA0A9 /* Release */ = {
			isa = XCBuildConfiguration;
			buildSettings = {
				ALWAYS_SEARCH_USER_PATHS = NO;
				ASSETCATALOG_COMPILER_GENERATE_SWIFT_ASSET_SYMBOL_EXTENSIONS = YES;
				CLANG_ANALYZER_NONNULL = YES;
				CLANG_ANALYZER_NUMBER_OBJECT_CONVERSION = YES_AGGRESSIVE;
				CLANG_CXX_LANGUAGE_STANDARD = "gnu++20";
				CLANG_ENABLE_MODULES = YES;
				CLANG_ENABLE_OBJC_ARC = YES;
				CLANG_ENABLE_OBJC_WEAK = YES;
				CLANG_WARN_BLOCK_CAPTURE_AUTORELEASING = YES;
				CLANG_WARN_BOOL_CONVERSION = YES;
				CLANG_WARN_COMMA = YES;
				CLANG_WARN_CONSTANT_CONVERSION = YES;
				CLANG_WARN_DEPRECATED_OBJC_IMPLEMENTATIONS = YES;
				CLANG_WARN_DIRECT_OBJC_ISA_USAGE = YES_ERROR;
				CLANG_WARN_DOCUMENTATION_COMMENTS = YES;
				CLANG_WARN_EMPTY_BODY = YES;
				CLANG_WARN_ENUM_CONVERSION = YES;
				CLANG_WARN_INFINITE_RECURSION = YES;
				CLANG_WARN_INT_CONVERSION = YES;
				CLANG_WARN_NON_LITERAL_NULL_CONVERSION = YES;
				CLANG_WARN_OBJC_IMPLICIT_RETAIN_SELF = YES;
				CLANG_WARN_OBJC_LITERAL_CONVERSION = YES;
				CLANG_WARN_OBJC_ROOT_CLASS = YES_ERROR;
				CLANG_WARN_QUOTED_INCLUDE_IN_FRAMEWORK_HEADER = YES;
				CLANG_WARN_RANGE_LOOP_ANALYSIS = YES;
				CLANG_WARN_STRICT_PROTOTYPES = YES;
				CLANG_WARN_SUSPICIOUS_MOVE = YES;
				CLANG_WARN_UNGUARDED_AVAILABILITY = YES_AGGRESSIVE;
				CLANG_WARN_UNREACHABLE_CODE = YES;
				CLANG_WARN__DUPLICATE_METHOD_MATCH = YES;
				COPY_PHASE_STRIP = NO;
				DEBUG_INFORMATION_FORMAT = "dwarf-with-dsym";
				DEVELOPMENT_TEAM = 4WN2BN5WSW;
				ENABLE_NS_ASSERTIONS = NO;
				ENABLE_STRICT_OBJC_MSGSEND = YES;
				ENABLE_USER_SCRIPT_SANDBOXING = YES;
				GCC_C_LANGUAGE_STANDARD = gnu17;
				GCC_NO_COMMON_BLOCKS = YES;
				GCC_WARN_64_TO_32_BIT_CONVERSION = YES;
				GCC_WARN_ABOUT_RETURN_TYPE = YES_ERROR;
				GCC_WARN_UNDECLARED_SELECTOR = YES;
				GCC_WARN_UNINITIALIZED_AUTOS = YES_AGGRESSIVE;
				GCC_WARN_UNUSED_FUNCTION = YES;
				GCC_WARN_UNUSED_VARIABLE = YES;
				IPHONEOS_DEPLOYMENT_TARGET = 17.4;
				LOCALIZATION_PREFERS_STRING_CATALOGS = YES;
				MTL_ENABLE_DEBUG_INFO = NO;
				MTL_FAST_MATH = YES;
				SDKROOT = iphoneos;
				STRING_CATALOG_GENERATE_SYMBOLS = YES;
				SWIFT_COMPILATION_MODE = wholemodule;
				VALIDATE_PRODUCT = YES;
			};
			name = Release;
		};
		B494C1722FDC8EA000CAA0A9 /* Debug */ = {
			isa = XCBuildConfiguration;
			buildSettings = {
				ASSETCATALOG_COMPILER_APPICON_NAME = AppIcon;
				ASSETCATALOG_COMPILER_GLOBAL_ACCENT_COLOR_NAME = AccentColor;
				CODE_SIGN_STYLE = Automatic;
				CURRENT_PROJECT_VERSION = 2;
				DEVELOPMENT_ASSET_PATHS = "\"Game1234/Preview Content\"";
				ENABLE_PREVIEWS = YES;
				GENERATE_INFOPLIST_FILE = YES;
				INFOPLIST_FILE = Game1234/Info.plist;
				INFOPLIST_KEY_CFBundleDisplayName = "1·2·3·4";
				INFOPLIST_KEY_LSApplicationCategoryType = "public.app-category.puzzle-games";
				INFOPLIST_KEY_UIApplicationSceneManifest_Generation = YES;
				INFOPLIST_KEY_UIApplicationSupportsIndirectInputEvents = YES;
				INFOPLIST_KEY_UILaunchScreen_Generation = YES;
				INFOPLIST_KEY_UISupportedInterfaceOrientations_iPad = "UIInterfaceOrientationPortrait UIInterfaceOrientationPortraitUpsideDown UIInterfaceOrientationLandscapeLeft UIInterfaceOrientationLandscapeRight";
				INFOPLIST_KEY_UISupportedInterfaceOrientations_iPhone = "UIInterfaceOrientationPortrait UIInterfaceOrientationLandscapeLeft UIInterfaceOrientationLandscapeRight";
				LD_RUNPATH_SEARCH_PATHS = (
					"$(inherited)",
					"@executable_path/Frameworks",
				);
				MARKETING_VERSION = 1.1;
				PRODUCT_BUNDLE_IDENTIFIER = "zuev-ar.ru.Game1234";
				PRODUCT_NAME = "$(TARGET_NAME)";
				SWIFT_EMIT_LOC_STRINGS = YES;
				SWIFT_VERSION = 5.0;
				TARGETED_DEVICE_FAMILY = "1,2";
			};
			name = Debug;
		};
		B494C1732FDC8EA000CAA0A9 /* Release */ = {
			isa = XCBuildConfiguration;
			buildSettings = {
				ASSETCATALOG_COMPILER_APPICON_NAME = AppIcon;
				ASSETCATALOG_COMPILER_GLOBAL_ACCENT_COLOR_NAME = AccentColor;
				CODE_SIGN_STYLE = Automatic;
				CURRENT_PROJECT_VERSION = 2;
				DEVELOPMENT_ASSET_PATHS = "\"Game1234/Preview Content\"";
				ENABLE_PREVIEWS = YES;
				GENERATE_INFOPLIST_FILE = YES;
				INFOPLIST_FILE = Game1234/Info.plist;
				INFOPLIST_KEY_CFBundleDisplayName = "1·2·3·4";
				INFOPLIST_KEY_LSApplicationCategoryType = "public.app-category.puzzle-games";
				INFOPLIST_KEY_UIApplicationSceneManifest_Generation = YES;
				INFOPLIST_KEY_UIApplicationSupportsIndirectInputEvents = YES;
				INFOPLIST_KEY_UILaunchScreen_Generation = YES;
				INFOPLIST_KEY_UISupportedInterfaceOrientations_iPad = "UIInterfaceOrientationPortrait UIInterfaceOrientationPortraitUpsideDown UIInterfaceOrientationLandscapeLeft UIInterfaceOrientationLandscapeRight";
				INFOPLIST_KEY_UISupportedInterfaceOrientations_iPhone = "UIInterfaceOrientationPortrait UIInterfaceOrientationLandscapeLeft UIInterfaceOrientationLandscapeRight";
				LD_RUNPATH_SEARCH_PATHS = (
					"$(inherited)",
					"@executable_path/Frameworks",
				);
				MARKETING_VERSION = 1.1;
				PRODUCT_BUNDLE_IDENTIFIER = "zuev-ar.ru.Game1234";
				PRODUCT_NAME = "$(TARGET_NAME)";
				SWIFT_EMIT_LOC_STRINGS = YES;
				SWIFT_VERSION = 5.0;
				TARGETED_DEVICE_FAMILY = "1,2";
			};
			name = Release;
		};
/* End XCBuildConfiguration section */

/* Begin XCConfigurationList section */
		B494C15E2FDC8E9C00CAA0A9 /* Build configuration list for PBXProject "Game1234" */ = {
			isa = XCConfigurationList;
			buildConfigurations = (
				B494C16F2FDC8EA000CAA0A9 /* Debug */,
				B494C1702FDC8EA000CAA0A9 /* Release */,
			);
			defaultConfigurationIsVisible = 0;
			defaultConfigurationName = Release;
		};
		B494C1712FDC8EA000CAA0A9 /* Build configuration list for PBXNativeTarget "Game1234" */ = {
			isa = XCConfigurationList;
			buildConfigurations = (
				B494C1722FDC8EA000CAA0A9 /* Debug */,
				B494C1732FDC8EA000CAA0A9 /* Release */,
			);
			defaultConfigurationIsVisible = 0;
			defaultConfigurationName = Release;
		};
/* End XCConfigurationList section */
	};
	rootObject = B494C15B2FDC8E9C00CAA0A9 /* Project object */;
}
